{
  "name": "amour-editorial-website",
  "version": "1.0.0",
  "lockfileVersion": 3,
  "requires": true,
  "packages": {
    "": {
      "name": "amour-editorial-website",
      "version": "1.0.0",
      "hasInstallScript": true,
      "license": "ISC",
      "devDependencies": {
        "@types/aos": "^3.0.7",
        "concurrently": "^9.2.0"
      }
    }
  }
}
